// !$*UTF8*$!
{
	archiveVersion = 1;
	classes = {
	};
	objectVersion = 46;
	objects = {

/* Begin PBXBuildFile section */
		7004BC6F1EA22CFF005585C4 /* RefreshButtonView.m in Sources */ = {isa = PBXBuildFile; fileRef = 7004BC6E1EA22CFF005585C4 /* RefreshButtonView.m */; };
		7004BC721EA24F10005585C4 /* StaticUtils.m in Sources */ = {isa = PBXBuildFile; fileRef = 7004BC711EA24F10005585C4 /* StaticUtils.m */; };
		70D6E3261E9E2CD30029AFF6 /* main.m in Sources */ = {isa = PBXBuildFile; fileRef = 70D6E3251E9E2CD30029AFF6 /* main.m */; };
		70D6E3291E9E2CD30029AFF6 /* AppDelegate.m in Sources */ = {isa = PBXBuildFile; fileRef = 70D6E3281E9E2CD30029AFF6 /* AppDelegate.m */; };
		70D6E32C1E9E2CD30029AFF6 /* ViewController.m in Sources */ = {isa = PBXBuildFile; fileRef = 70D6E32B1E9E2CD30029AFF6 /* ViewController.m */; };
		70D6E32F1E9E2CD30029AFF6 /* Main.storyboard in Resources */ = {isa = PBXBuildFile; fileRef = 70D6E32D1E9E2CD30029AFF6 /* Main.storyboard */; };
		70D6E3311E9E2CD30029AFF6 /* Assets.xcassets in Resources */ = {isa = PBXBuildFile; fileRef = 70D6E3301E9E2CD30029AFF6 /* Assets.xcassets */; };
		70D6E3341E9E2CD30029AFF6 /* LaunchScreen.storyboard in Resources */ = {isa = PBXBuildFile; fileRef = 70D6E3321E9E2CD30029AFF6 /* LaunchScreen.storyboard */; };
		70D6E3401E9E30610029AFF6 /* CardView.m in Sources */ = {isa = PBXBuildFile; fileRef = 70D6E33F1E9E30610029AFF6 /* CardView.m */; };
		70D6E3421E9E308A0029AFF6 /* card_decks in Resources */ = {isa = PBXBuildFile; fileRef = 70D6E3411E9E308A0029AFF6 /* card_decks */; };
		70D6E3491E9E48920029AFF6 /* refresh.png in Resources */ = {isa = PBXBuildFile; fileRef = 70D6E3481E9E48920029AFF6 /* refresh.png */; };
		70F04F471EA2048100AD23E4 /* CardModel.m in Sources */ = {isa = PBXBuildFile; fileRef = 70F04F461EA2048100AD23E4 /* CardModel.m */; };
/* End PBXBuildFile section */

/* Begin PBXFileReference section */
		7004BC6D1EA22CFF005585C4 /* RefreshButtonView.h */ = {isa = PBXFileReference; fileEncoding = 4; lastKnownFileType = sourcecode.c.h; path = RefreshButtonView.h; sourceTree = "<group>"; };
		7004BC6E1EA22CFF005585C4 /* RefreshButtonView.m */ = {isa = PBXFileReference; fileEncoding = 4; lastKnownFileType = sourcecode.c.objc; path = RefreshButtonView.m; sourceTree = "<group>"; };
		7004BC701EA24F10005585C4 /* StaticUtils.h */ = {isa = PBXFileReference; fileEncoding = 4; lastKnownFileType = sourcecode.c.h; path = StaticUtils.h; sourceTree = "<group>"; };
		7004BC711EA24F10005585C4 /* StaticUtils.m */ = {isa = PBXFileReference; fileEncoding = 4; lastKnownFileType = sourcecode.c.objc; path = StaticUtils.m; sourceTree = "<group>"; };
		70D6E3211E9E2CD30029AFF6 /* week5.app */ = {isa = PBXFileReference; explicitFileType = wrapper.application; includeInIndex = 0; path = week5.app; sourceTree = BUILT_PRODUCTS_DIR; };
		70D6E3251E9E2CD30029AFF6 /* main.m */ = {isa = PBXFileReference; lastKnownFileType = sourcecode.c.objc; path = main.m; sourceTree = "<group>"; };
		70D6E3271E9E2CD30029AFF6 /* AppDelegate.h */ = {isa = PBXFileReference; lastKnownFileType = sourcecode.c.h; path = AppDelegate.h; sourceTree = "<group>"; };
		70D6E3281E9E2CD30029AFF6 /* AppDelegate.m */ = {isa = PBXFileReference; lastKnownFileType = sourcecode.c.objc; path = AppDelegate.m; sourceTree = "<group>"; };
		70D6E32A1E9E2CD30029AFF6 /* ViewController.h */ = {isa = PBXFileReference; lastKnownFileType = sourcecode.c.h; path = ViewController.h; sourceTree = "<group>"; };
		70D6E32B1E9E2CD30029AFF6 /* ViewController.m */ = {isa = PBXFileReference; lastKnownFileType = sourcecode.c.objc; path = ViewController.m; sourceTree = "<group>"; };
		70D6E32E1E9E2CD30029AFF6 /* Base */ = {isa = PBXFileReference; lastKnownFileType = file.storyboard; name = Base; path = Base.lproj/Main.storyboard; sourceTree = "<group>"; };
		70D6E3301E9E2CD30029AFF6 /* Assets.xcassets */ = {isa = PBXFileReference; lastKnownFileType = folder.assetcatalog; path = Assets.xcassets; sourceTree = "<group>"; };
		70D6E3331E9E2CD30029AFF6 /* Base */ = {isa = PBXFileReference; lastKnownFileType = file.storyboard; name = Base; path = Base.lproj/LaunchScreen.storyboard; sourceTree = "<group>"; };
		70D6E3351E9E2CD30029AFF6 /* Info.plist */ = {isa = PBXFileReference; lastKnownFileType = text.plist.xml; path = Info.plist; sourceTree = "<group>"; };
		70D6E33E1E9E30610029AFF6 /* CardView.h */ = {isa = PBXFileReference; fileEncoding = 4; lastKnownFileType = sourcecode.c.h; name = CardView.h; path = ../CardView.h; sourceTree = "<group>"; };
		70D6E33F1E9E30610029AFF6 /* CardView.m */ = {isa = PBXFileReference; fileEncoding = 4; lastKnownFileType = sourcecode.c.objc; name = CardView.m; path = ../CardView.m; sourceTree = "<group>"; };
		70D6E3411E9E308A0029AFF6 /* card_decks */ = {isa = PBXFileReference; lastKnownFileType = folder; path = card_decks; sourceTree = "<group>"; };
		70D6E3481E9E48920029AFF6 /* refresh.png */ = {isa = PBXFileReference; lastKnownFileType = image.png; path = refresh.png; sourceTree = "<group>"; };
		70F04F451EA2048100AD23E4 /* CardModel.h */ = {isa = PBXFileReference; fileEncoding = 4; lastKnownFileType = sourcecode.c.h; path = CardModel.h; sourceTree = "<group>"; };
		70F04F461EA2048100AD23E4 /* CardModel.m */ = {isa = PBXFileReference; fileEncoding = 4; lastKnownFileType = sourcecode.c.objc; path = CardModel.m; sourceTree = "<group>"; };
/* End PBXFileReference section */

/* Begin PBXFrameworksBuildPhase section */
		70D6E31E1E9E2CD30029AFF6 /* Frameworks */ = {
			isa = PBXFrameworksBuildPhase;
			buildActionMask = 2147483647;
			files = (
			);
			runOnlyForDeploymentPostprocessing = 0;
		};
/* End PBXFrameworksBuildPhase section */

/* Begin PBXGroup section */
		70D6E3181E9E2CD30029AFF6 = {
			isa = PBXGroup;
			children = (
				70D6E3231E9E2CD30029AFF6 /* week5 */,
				70D6E3221E9E2CD30029AFF6 /* Products */,
			);
			sourceTree = "<group>";
		};
		70D6E3221E9E2CD30029AFF6 /* Products */ = {
			isa = PBXGroup;
			children = (
				70D6E3211E9E2CD30029AFF6 /* week5.app */,
			);
			name = Products;
			sourceTree = "<group>";
		};
		70D6E3231E9E2CD30029AFF6 /* week5 */ = {
			isa = PBXGroup;
			children = (
				70D6E3411E9E308A0029AFF6 /* card_decks */,
				70D6E3481E9E48920029AFF6 /* refresh.png */,
				70D6E33E1E9E30610029AFF6 /* CardView.h */,
				70D6E33F1E9E30610029AFF6 /* CardView.m */,
				70F04F451EA2048100AD23E4 /* CardModel.h */,
				70F04F461EA2048100AD23E4 /* CardModel.m */,
				7004BC6D1EA22CFF005585C4 /* RefreshButtonView.h */,
				7004BC6E1EA22CFF005585C4 /* RefreshButtonView.m */,
				70D6E3271E9E2CD30029AFF6 /* AppDelegate.h */,
				70D6E3281E9E2CD30029AFF6 /* AppDelegate.m */,
				70D6E32A1E9E2CD30029AFF6 /* ViewController.h */,
				70D6E32B1E9E2CD30029AFF6 /* ViewController.m */,
				7004BC701EA24F10005585C4 /* StaticUtils.h */,
				7004BC711EA24F10005585C4 /* StaticUtils.m */,
				70D6E32D1E9E2CD30029AFF6 /* Main.storyboard */,
				70D6E3301E9E2CD30029AFF6 /* Assets.xcassets */,
				70D6E3321E9E2CD30029AFF6 /* LaunchScreen.storyboard */,
				70D6E3351E9E2CD30029AFF6 /* Info.plist */,
				70D6E3241E9E2CD30029AFF6 /* Supporting Files */,
			);
			path = week5;
			sourceTree = "<group>";
		};
		70D6E3241E9E2CD30029AFF6 /* Supporting Files */ = {
			isa = PBXGroup;
			children = (
				70D6E3251E9E2CD30029AFF6 /* main.m */,
			);
			name = "Supporting Files";
			sourceTree = "<group>";
		};
/* End PBXGroup section */

/* Begin PBXNativeTarget section */
		70D6E3201E9E2CD30029AFF6 /* week5 */ = {
			isa = PBXNativeTarget;
			buildConfigurationList = 70D6E3381E9E2CD30029AFF6 /* Build configuration list for PBXNativeTarget "week5" */;
			buildPhases = (
				70D6E31D1E9E2CD30029AFF6 /* Sources */,
				70D6E31E1E9E2CD30029AFF6 /* Frameworks */,
				70D6E31F1E9E2CD30029AFF6 /* Resources */,
			);
			buildRules = (
			);
			dependencies = (
			);
			name = week5;
			productName = week5;
			productReference = 70D6E3211E9E2CD30029AFF6 /* week5.app */;
			productType = "com.apple.product-type.application";
		};
/* End PBXNativeTarget section */

/* Begin PBXProject section */
		70D6E3191E9E2CD30029AFF6 /* Project object */ = {
			isa = PBXProject;
			attributes = {
				LastUpgradeCheck = 0810;
				ORGANIZATIONNAME = viz;
				TargetAttributes = {
					70D6E3201E9E2CD30029AFF6 = {
						CreatedOnToolsVersion = 8.1;
						ProvisioningStyle = Automatic;
					};
				};
			};
			buildConfigurationList = 70D6E31C1E9E2CD30029AFF6 /* Build configuration list for PBXProject "week5" */;
			compatibilityVersion = "Xcode 3.2";
			developmentRegion = English;
			hasScannedForEncodings = 0;
			knownRegions = (
				en,
				Base,
			);
			mainGroup = 70D6E3181E9E2CD30029AFF6;
			productRefGroup = 70D6E3221E9E2CD30029AFF6 /* Products */;
			projectDirPath = "";
			projectRoot = "";
			targets = (
				70D6E3201E9E2CD30029AFF6 /* week5 */,
			);
		};
/* End PBXProject section */

/* Begin PBXResourcesBuildPhase section */
		70D6E31F1E9E2CD30029AFF6 /* Resources */ = {
			isa = PBXResourcesBuildPhase;
			buildActionMask = 2147483647;
			files = (
				70D6E3341E9E2CD30029AFF6 /* LaunchScreen.storyboard in Resources */,
				70D6E3421E9E308A0029AFF6 /* card_decks in Resources */,
				70D6E3311E9E2CD30029AFF6 /* Assets.xcassets in Resources */,
				70D6E32F1E9E2CD30029AFF6 /* Main.storyboard in Resources */,
				70D6E3491E9E48920029AFF6 /* refresh.png in Resources */,
			);
			runOnlyForDeploymentPostprocessing = 0;
		};
/* End PBXResourcesBuildPhase section */

/* Begin PBXSourcesBuildPhase section */
		70D6E31D1E9E2CD30029AFF6 /* Sources */ = {
			isa = PBXSourcesBuildPhase;
			buildActionMask = 2147483647;
			files = (
				7004BC6F1EA22CFF005585C4 /* RefreshButtonView.m in Sources */,
				70D6E32C1E9E2CD30029AFF6 /* ViewController.m in Sources */,
				7004BC721EA24F10005585C4 /* StaticUtils.m in Sources */,
				70F04F471EA2048100AD23E4 /* CardModel.m in Sources */,
				70D6E3291E9E2CD30029AFF6 /* AppDelegate.m in Sources */,
				70D6E3401E9E30610029AFF6 /* CardView.m in Sources */,
				70D6E3261E9E2CD30029AFF6 /* main.m in Sources */,
			);
			runOnlyForDeploymentPostprocessing = 0;
		};
/* End PBXSourcesBuildPhase section */

/* Begin PBXVariantGroup section */
		70D6E32D1E9E2CD30029AFF6 /* Main.storyboard */ = {
			isa = PBXVariantGroup;
			children = (
				70D6E32E1E9E2CD30029AFF6 /* Base */,
			);
			name = Main.storyboard;
			sourceTree = "<group>";
		};
		70D6E3321E9E2CD30029AFF6 /* LaunchScreen.storyboard */ = {
			isa = PBXVariantGroup;
			children = (
				70D6E3331E9E2CD30029AFF6 /* Base */,
			);
			name = LaunchScreen.storyboard;
			sourceTree = "<group>";
		};
/* End PBXVariantGroup section */

/* Begin XCBuildConfiguration section */
		70D6E3361E9E2CD30029AFF6 /* Debug */ = {
			isa = XCBuildConfiguration;
			buildSettings = {
				ALWAYS_SEARCH_USER_PATHS = NO;
				CLANG_ANALYZER_NONNULL = YES;
				CLANG_CXX_LANGUAGE_STANDARD = "gnu++0x";
				CLANG_CXX_LIBRARY = "libc++";
				CLANG_ENABLE_MODULES = YES;
				CLANG_ENABLE_OBJC_ARC = NO;
				CLANG_ENABLE_OBJC_WEAK = YES;
				CLANG_WARN_BOOL_CONVERSION = YES;
				CLANG_WARN_CONSTANT_CONVERSION = YES;
				CLANG_WARN_DIRECT_OBJC_ISA_USAGE = YES_ERROR;
				CLANG_WARN_DOCUMENTATION_COMMENTS = YES;
				CLANG_WARN_EMPTY_BODY = YES;
				CLANG_WARN_ENUM_CONVERSION = YES;
				CLANG_WARN_INFINITE_RECURSION = YES;
				CLANG_WARN_INT_CONVERSION = YES;
				CLANG_WARN_OBJC_ROOT_CLASS = YES_ERROR;
				CLANG_WARN_SUSPICIOUS_MOVES = YES;
				CLANG_WARN_UNREACHABLE_CODE = YES;
				CLANG_WARN__DUPLICATE_METHOD_MATCH = YES;
				"CODE_SIGN_IDENTITY[sdk=iphoneos*]" = "iPhone Developer";
				COPY_PHASE_STRIP = NO;
				DEBUG_INFORMATION_FORMAT = dwarf;
				ENABLE_STRICT_OBJC_MSGSEND = YES;
				ENABLE_TESTABILITY = YES;
				GCC_C_LANGUAGE_STANDARD = gnu99;
				GCC_DYNAMIC_NO_PIC = NO;
				GCC_NO_COMMON_BLOCKS = YES;
				GCC_OPTIMIZATION_LEVEL = 0;
				GCC_PREPROCESSOR_DEFINITIONS = (
					"DEBUG=1",
					"$(inherited)",
				);
				GCC_WARN_64_TO_32_BIT_CONVERSION = YES;
				GCC_WARN_ABOUT_RETURN_TYPE = YES_ERROR;
				GCC_WARN_UNDECLARED_SELECTOR = YES;
				GCC_WARN_UNINITIALIZED_AUTOS = YES_AGGRESSIVE;
				GCC_WARN_UNUSED_FUNCTION = YES;
				GCC_WARN_UNUSED_VARIABLE = YES;
				IPHONEOS_DEPLOYMENT_TARGET = 10.1;
				MTL_ENABLE_DEBUG_INFO = YES;
				ONLY_ACTIVE_ARCH = YES;
				SDKROOT = iphoneos;
				TARGETED_DEVICE_FAMILY = 2;
			};
			name = Debug;
		};
		70D6E3371E9E2CD30029AFF6 /* Release */ = {
			isa = XCBuildConfiguration;
			buildSettings = {
				ALWAYS_SEARCH_USER_PATHS = NO;
				CLANG_ANALYZER_NONNULL = YES;
				CLANG_CXX_LANGUAGE_STANDARD = "gnu++0x";
				CLANG_CXX_LIBRARY = "libc++";
				CLANG_ENABLE_MODULES = YES;
				CLANG_ENABLE_OBJC_ARC = NO;
				CLANG_ENABLE_OBJC_WEAK = YES;
				CLANG_WARN_BOOL_CONVERSION = YES;
				CLANG_WARN_CONSTANT_CONVERSION = YES;
				CLANG_WARN_DIRECT_OBJC_ISA_USAGE = YES_ERROR;
				CLANG_WARN_DOCUMENTATION_COMMENTS = YES;
				CLANG_WARN_EMPTY_BODY = YES;
				CLANG_WARN_ENUM_CONVERSION = YES;
				CLANG_WARN_INFINITE_RECURSION = YES;
				CLANG_WARN_INT_CONVERSION = YES;
				CLANG_WARN_OBJC_ROOT_CLASS = YES_ERROR;
				CLANG_WARN_SUSPICIOUS_MOVES = YES;
				CLANG_WARN_UNREACHABLE_CODE = YES;
				CLANG_WARN__DUPLICATE_METHOD_MATCH = YES;
				"CODE_SIGN_IDENTITY[sdk=iphoneos*]" = "iPhone Developer";
				COPY_PHASE_STRIP = NO;
				DEBUG_INFORMATION_FORMAT = "dwarf-with-dsym";
				ENABLE_NS_ASSERTIONS = NO;
				ENABLE_STRICT_OBJC_MSGSEND = YES;
				GCC_C_LANGUAGE_STANDARD = gnu99;
				GCC_NO_COMMON_BLOCKS = YES;
				GCC_WARN_64_TO_32_BIT_CONVERSION = YES;
				GCC_WARN_ABOUT_RETURN_TYPE = YES_ERROR;
				GCC_WARN_UNDECLARED_SELECTOR = YES;
				GCC_WARN_UNINITIALIZED_AUTOS = YES_AGGRESSIVE;
				GCC_WARN_UNUSED_FUNCTION = YES;
				GCC_WARN_UNUSED_VARIABLE = YES;
				IPHONEOS_DEPLOYMENT_TARGET = 10.1;
				MTL_ENABLE_DEBUG_INFO = NO;
				SDKROOT = iphoneos;
				TARGETED_DEVICE_FAMILY = 2;
				VALIDATE_PRODUCT = YES;
			};
			name = Release;
		};
		70D6E3391E9E2CD30029AFF6 /* Debug */ = {
			isa = XCBuildConfiguration;
			buildSettings = {
				ASSETCATALOG_COMPILER_APPICON_NAME = AppIcon;
				INFOPLIST_FILE = week5/Info.plist;
				LD_RUNPATH_SEARCH_PATHS = "$(inherited) @executable_path/Frameworks";
				PRODUCT_BUNDLE_IDENTIFIER = next.week5;
				PRODUCT_NAME = "$(TARGET_NAME)";
			};
			name = Debug;
		};
		70D6E33A1E9E2CD30029AFF6 /* Release */ = {
			isa = XCBuildConfiguration;
			buildSettings = {
				ASSETCATALOG_COMPILER_APPICON_NAME = AppIcon;
				INFOPLIST_FILE = week5/Info.plist;
				LD_RUNPATH_SEARCH_PATHS = "$(inherited) @executable_path/Frameworks";
				PRODUCT_BUNDLE_IDENTIFIER = next.week5;
				PRODUCT_NAME = "$(TARGET_NAME)";
			};
			name = Release;
		};
/* End XCBuildConfiguration section */

/* Begin XCConfigurationList section */
		70D6E31C1E9E2CD30029AFF6 /* Build configuration list for PBXProject "week5" */ = {
			isa = XCConfigurationList;
			buildConfigurations = (
				70D6E3361E9E2CD30029AFF6 /* Debug */,
				70D6E3371E9E2CD30029AFF6 /* Release */,
			);
			defaultConfigurationIsVisible = 0;
			defaultConfigurationName = Release;
		};
		70D6E3381E9E2CD30029AFF6 /* Build configuration list for PBXNativeTarget "week5" */ = {
			isa = XCConfigurationList;
			buildConfigurations = (
				70D6E3391E9E2CD30029AFF6 /* Debug */,
				70D6E33A1E9E2CD30029AFF6 /* Release */,
			);
			defaultConfigurationIsVisible = 0;
			defaultConfigurationName = Release;
		};
/* End XCConfigurationList section */
	};
	rootObject = 70D6E3191E9E2CD30029AFF6 /* Project object */;
}
