// !$*UTF8*$!
{
	archiveVersion = 1;
	classes = {
	};
	objectVersion = 46;
	objects = {

/* Begin PBXBuildFile section */
		704C7CCB1ED58BAB001FE9C4 /* main.m in Sources */ = {isa = PBXBuildFile; fileRef = 704C7CCA1ED58BAB001FE9C4 /* main.m */; };
		704C7CCE1ED58BAB001FE9C4 /* AppDelegate.m in Sources */ = {isa = PBXBuildFile; fileRef = 704C7CCD1ED58BAB001FE9C4 /* AppDelegate.m */; };
		704C7CD11ED58BAB001FE9C4 /* ViewController.m in Sources */ = {isa = PBXBuildFile; fileRef = 704C7CD01ED58BAB001FE9C4 /* ViewController.m */; };
		704C7CD41ED58BAB001FE9C4 /* Main.storyboard in Resources */ = {isa = PBXBuildFile; fileRef = 704C7CD21ED58BAB001FE9C4 /* Main.storyboard */; };
		704C7CD71ED58BAB001FE9C4 /* week11_2.xcdatamodeld in Sources */ = {isa = PBXBuildFile; fileRef = 704C7CD51ED58BAB001FE9C4 /* week11_2.xcdatamodeld */; };
		704C7CD91ED58BAB001FE9C4 /* Assets.xcassets in Resources */ = {isa = PBXBuildFile; fileRef = 704C7CD81ED58BAB001FE9C4 /* Assets.xcassets */; };
		704C7CDC1ED58BAB001FE9C4 /* LaunchScreen.storyboard in Resources */ = {isa = PBXBuildFile; fileRef = 704C7CDA1ED58BAB001FE9C4 /* LaunchScreen.storyboard */; };
		704C7CE91ED58F84001FE9C4 /* edit.png in Resources */ = {isa = PBXBuildFile; fileRef = 704C7CE71ED58F84001FE9C4 /* edit.png */; };
		704C7CEA1ED58F84001FE9C4 /* group.png in Resources */ = {isa = PBXBuildFile; fileRef = 704C7CE81ED58F84001FE9C4 /* group.png */; };
		704C7CED1ED59198001FE9C4 /* StudentTableViewController.m in Sources */ = {isa = PBXBuildFile; fileRef = 704C7CEC1ED59198001FE9C4 /* StudentTableViewController.m */; };
		704C7CF01ED59239001FE9C4 /* DataManager.m in Sources */ = {isa = PBXBuildFile; fileRef = 704C7CEF1ED59239001FE9C4 /* DataManager.m */; };
		704C7CF51ED59690001FE9C4 /* Student+CoreDataClass.m in Sources */ = {isa = PBXBuildFile; fileRef = 704C7CF21ED59690001FE9C4 /* Student+CoreDataClass.m */; };
		704C7CF61ED59690001FE9C4 /* Student+CoreDataProperties.m in Sources */ = {isa = PBXBuildFile; fileRef = 704C7CF41ED59690001FE9C4 /* Student+CoreDataProperties.m */; };
/* End PBXBuildFile section */

/* Begin PBXFileReference section */
		704C7CC61ED58BAB001FE9C4 /* week11_2.app */ = {isa = PBXFileReference; explicitFileType = wrapper.application; includeInIndex = 0; path = week11_2.app; sourceTree = BUILT_PRODUCTS_DIR; };
		704C7CCA1ED58BAB001FE9C4 /* main.m */ = {isa = PBXFileReference; lastKnownFileType = sourcecode.c.objc; path = main.m; sourceTree = "<group>"; };
		704C7CCC1ED58BAB001FE9C4 /* AppDelegate.h */ = {isa = PBXFileReference; lastKnownFileType = sourcecode.c.h; path = AppDelegate.h; sourceTree = "<group>"; };
		704C7CCD1ED58BAB001FE9C4 /* AppDelegate.m */ = {isa = PBXFileReference; lastKnownFileType = sourcecode.c.objc; path = AppDelegate.m; sourceTree = "<group>"; };
		704C7CCF1ED58BAB001FE9C4 /* ViewController.h */ = {isa = PBXFileReference; lastKnownFileType = sourcecode.c.h; path = ViewController.h; sourceTree = "<group>"; };
		704C7CD01ED58BAB001FE9C4 /* ViewController.m */ = {isa = PBXFileReference; lastKnownFileType = sourcecode.c.objc; path = ViewController.m; sourceTree = "<group>"; };
		704C7CD31ED58BAB001FE9C4 /* Base */ = {isa = PBXFileReference; lastKnownFileType = file.storyboard; name = Base; path = Base.lproj/Main.storyboard; sourceTree = "<group>"; };
		704C7CD61ED58BAB001FE9C4 /* week11_2.xcdatamodel */ = {isa = PBXFileReference; lastKnownFileType = wrapper.xcdatamodel; path = week11_2.xcdatamodel; sourceTree = "<group>"; };
		704C7CD81ED58BAB001FE9C4 /* Assets.xcassets */ = {isa = PBXFileReference; lastKnownFileType = folder.assetcatalog; path = Assets.xcassets; sourceTree = "<group>"; };
		704C7CDB1ED58BAB001FE9C4 /* Base */ = {isa = PBXFileReference; lastKnownFileType = file.storyboard; name = Base; path = Base.lproj/LaunchScreen.storyboard; sourceTree = "<group>"; };
		704C7CDD1ED58BAB001FE9C4 /* Info.plist */ = {isa = PBXFileReference; lastKnownFileType = text.plist.xml; path = Info.plist; sourceTree = "<group>"; };
		704C7CE71ED58F84001FE9C4 /* edit.png */ = {isa = PBXFileReference; lastKnownFileType = image.png; path = edit.png; sourceTree = "<group>"; };
		704C7CE81ED58F84001FE9C4 /* group.png */ = {isa = PBXFileReference; lastKnownFileType = image.png; path = group.png; sourceTree = "<group>"; };
		704C7CEB1ED59198001FE9C4 /* StudentTableViewController.h */ = {isa = PBXFileReference; fileEncoding = 4; lastKnownFileType = sourcecode.c.h; path = StudentTableViewController.h; sourceTree = "<group>"; };
		704C7CEC1ED59198001FE9C4 /* StudentTableViewController.m */ = {isa = PBXFileReference; fileEncoding = 4; lastKnownFileType = sourcecode.c.objc; path = StudentTableViewController.m; sourceTree = "<group>"; };
		704C7CEE1ED59239001FE9C4 /* DataManager.h */ = {isa = PBXFileReference; fileEncoding = 4; lastKnownFileType = sourcecode.c.h; path = DataManager.h; sourceTree = "<group>"; };
		704C7CEF1ED59239001FE9C4 /* DataManager.m */ = {isa = PBXFileReference; fileEncoding = 4; lastKnownFileType = sourcecode.c.objc; path = DataManager.m; sourceTree = "<group>"; };
		704C7CF11ED59690001FE9C4 /* Student+CoreDataClass.h */ = {isa = PBXFileReference; fileEncoding = 4; lastKnownFileType = sourcecode.c.h; name = "Student+CoreDataClass.h"; path = "../Student+CoreDataClass.h"; sourceTree = "<group>"; };
		704C7CF21ED59690001FE9C4 /* Student+CoreDataClass.m */ = {isa = PBXFileReference; fileEncoding = 4; lastKnownFileType = sourcecode.c.objc; name = "Student+CoreDataClass.m"; path = "../Student+CoreDataClass.m"; sourceTree = "<group>"; };
		704C7CF31ED59690001FE9C4 /* Student+CoreDataProperties.h */ = {isa = PBXFileReference; fileEncoding = 4; lastKnownFileType = sourcecode.c.h; name = "Student+CoreDataProperties.h"; path = "../Student+CoreDataProperties.h"; sourceTree = "<group>"; };
		704C7CF41ED59690001FE9C4 /* Student+CoreDataProperties.m */ = {isa = PBXFileReference; fileEncoding = 4; lastKnownFileType = sourcecode.c.objc; name = "Student+CoreDataProperties.m"; path = "../Student+CoreDataProperties.m"; sourceTree = "<group>"; };
/* End PBXFileReference section */

/* Begin PBXFrameworksBuildPhase section */
		704C7CC31ED58BAB001FE9C4 /* Frameworks */ = {
			isa = PBXFrameworksBuildPhase;
			buildActionMask = 2147483647;
			files = (
			);
			runOnlyForDeploymentPostprocessing = 0;
		};
/* End PBXFrameworksBuildPhase section */

/* Begin PBXGroup section */
		704C7CBD1ED58BAB001FE9C4 = {
			isa = PBXGroup;
			children = (
				704C7CC81ED58BAB001FE9C4 /* week11_2 */,
				704C7CC71ED58BAB001FE9C4 /* Products */,
			);
			sourceTree = "<group>";
		};
		704C7CC71ED58BAB001FE9C4 /* Products */ = {
			isa = PBXGroup;
			children = (
				704C7CC61ED58BAB001FE9C4 /* week11_2.app */,
			);
			name = Products;
			sourceTree = "<group>";
		};
		704C7CC81ED58BAB001FE9C4 /* week11_2 */ = {
			isa = PBXGroup;
			children = (
				704C7CF11ED59690001FE9C4 /* Student+CoreDataClass.h */,
				704C7CF21ED59690001FE9C4 /* Student+CoreDataClass.m */,
				704C7CF31ED59690001FE9C4 /* Student+CoreDataProperties.h */,
				704C7CF41ED59690001FE9C4 /* Student+CoreDataProperties.m */,
				704C7CE71ED58F84001FE9C4 /* edit.png */,
				704C7CE81ED58F84001FE9C4 /* group.png */,
				704C7CCC1ED58BAB001FE9C4 /* AppDelegate.h */,
				704C7CCD1ED58BAB001FE9C4 /* AppDelegate.m */,
				704C7CCF1ED58BAB001FE9C4 /* ViewController.h */,
				704C7CD01ED58BAB001FE9C4 /* ViewController.m */,
				704C7CD21ED58BAB001FE9C4 /* Main.storyboard */,
				704C7CEB1ED59198001FE9C4 /* StudentTableViewController.h */,
				704C7CEC1ED59198001FE9C4 /* StudentTableViewController.m */,
				704C7CEE1ED59239001FE9C4 /* DataManager.h */,
				704C7CEF1ED59239001FE9C4 /* DataManager.m */,
				704C7CD81ED58BAB001FE9C4 /* Assets.xcassets */,
				704C7CDA1ED58BAB001FE9C4 /* LaunchScreen.storyboard */,
				704C7CDD1ED58BAB001FE9C4 /* Info.plist */,
				704C7CD51ED58BAB001FE9C4 /* week11_2.xcdatamodeld */,
				704C7CC91ED58BAB001FE9C4 /* Supporting Files */,
			);
			path = week11_2;
			sourceTree = "<group>";
		};
		704C7CC91ED58BAB001FE9C4 /* Supporting Files */ = {
			isa = PBXGroup;
			children = (
				704C7CCA1ED58BAB001FE9C4 /* main.m */,
			);
			name = "Supporting Files";
			sourceTree = "<group>";
		};
/* End PBXGroup section */

/* Begin PBXNativeTarget section */
		704C7CC51ED58BAB001FE9C4 /* week11_2 */ = {
			isa = PBXNativeTarget;
			buildConfigurationList = 704C7CE01ED58BAB001FE9C4 /* Build configuration list for PBXNativeTarget "week11_2" */;
			buildPhases = (
				704C7CC21ED58BAB001FE9C4 /* Sources */,
				704C7CC31ED58BAB001FE9C4 /* Frameworks */,
				704C7CC41ED58BAB001FE9C4 /* Resources */,
			);
			buildRules = (
			);
			dependencies = (
			);
			name = week11_2;
			productName = week11_2;
			productReference = 704C7CC61ED58BAB001FE9C4 /* week11_2.app */;
			productType = "com.apple.product-type.application";
		};
/* End PBXNativeTarget section */

/* Begin PBXProject section */
		704C7CBE1ED58BAB001FE9C4 /* Project object */ = {
			isa = PBXProject;
			attributes = {
				LastUpgradeCheck = 0810;
				ORGANIZATIONNAME = viz;
				TargetAttributes = {
					704C7CC51ED58BAB001FE9C4 = {
						CreatedOnToolsVersion = 8.1;
						ProvisioningStyle = Automatic;
					};
				};
			};
			buildConfigurationList = 704C7CC11ED58BAB001FE9C4 /* Build configuration list for PBXProject "week11_2" */;
			compatibilityVersion = "Xcode 3.2";
			developmentRegion = English;
			hasScannedForEncodings = 0;
			knownRegions = (
				en,
				Base,
			);
			mainGroup = 704C7CBD1ED58BAB001FE9C4;
			productRefGroup = 704C7CC71ED58BAB001FE9C4 /* Products */;
			projectDirPath = "";
			projectRoot = "";
			targets = (
				704C7CC51ED58BAB001FE9C4 /* week11_2 */,
			);
		};
/* End PBXProject section */

/* Begin PBXResourcesBuildPhase section */
		704C7CC41ED58BAB001FE9C4 /* Resources */ = {
			isa = PBXResourcesBuildPhase;
			buildActionMask = 2147483647;
			files = (
				704C7CDC1ED58BAB001FE9C4 /* LaunchScreen.storyboard in Resources */,
				704C7CE91ED58F84001FE9C4 /* edit.png in Resources */,
				704C7CD91ED58BAB001FE9C4 /* Assets.xcassets in Resources */,
				704C7CEA1ED58F84001FE9C4 /* group.png in Resources */,
				704C7CD41ED58BAB001FE9C4 /* Main.storyboard in Resources */,
			);
			runOnlyForDeploymentPostprocessing = 0;
		};
/* End PBXResourcesBuildPhase section */

/* Begin PBXSourcesBuildPhase section */
		704C7CC21ED58BAB001FE9C4 /* Sources */ = {
			isa = PBXSourcesBuildPhase;
			buildActionMask = 2147483647;
			files = (
				704C7CF51ED59690001FE9C4 /* Student+CoreDataClass.m in Sources */,
				704C7CF61ED59690001FE9C4 /* Student+CoreDataProperties.m in Sources */,
				704C7CD71ED58BAB001FE9C4 /* week11_2.xcdatamodeld in Sources */,
				704C7CF01ED59239001FE9C4 /* DataManager.m in Sources */,
				704C7CD11ED58BAB001FE9C4 /* ViewController.m in Sources */,
				704C7CCE1ED58BAB001FE9C4 /* AppDelegate.m in Sources */,
				704C7CCB1ED58BAB001FE9C4 /* main.m in Sources */,
				704C7CED1ED59198001FE9C4 /* StudentTableViewController.m in Sources */,
			);
			runOnlyForDeploymentPostprocessing = 0;
		};
/* End PBXSourcesBuildPhase section */

/* Begin PBXVariantGroup section */
		704C7CD21ED58BAB001FE9C4 /* Main.storyboard */ = {
			isa = PBXVariantGroup;
			children = (
				704C7CD31ED58BAB001FE9C4 /* Base */,
			);
			name = Main.storyboard;
			sourceTree = "<group>";
		};
		704C7CDA1ED58BAB001FE9C4 /* LaunchScreen.storyboard */ = {
			isa = PBXVariantGroup;
			children = (
				704C7CDB1ED58BAB001FE9C4 /* Base */,
			);
			name = LaunchScreen.storyboard;
			sourceTree = "<group>";
		};
/* End PBXVariantGroup section */

/* Begin XCBuildConfiguration section */
		704C7CDE1ED58BAB001FE9C4 /* Debug */ = {
			isa = XCBuildConfiguration;
			buildSettings = {
				ALWAYS_SEARCH_USER_PATHS = NO;
				CLANG_ANALYZER_NONNULL = YES;
				CLANG_CXX_LANGUAGE_STANDARD = "gnu++0x";
				CLANG_CXX_LIBRARY = "libc++";
				CLANG_ENABLE_MODULES = YES;
				CLANG_ENABLE_OBJC_ARC = YES;
				CLANG_WARN_BOOL_CONVERSION = YES;
				CLANG_WARN_CONSTANT_CONVERSION = YES;
				CLANG_WARN_DIRECT_OBJC_ISA_USAGE = YES_ERROR;
				CLANG_WARN_DOCUMENTATION_COMMENTS = YES;
				CLANG_WARN_EMPTY_BODY = YES;
				CLANG_WARN_ENUM_CONVERSION = YES;
				CLANG_WARN_INFINITE_RECURSION = YES;
				CLANG_WARN_INT_CONVERSION = YES;
				CLANG_WARN_OBJC_ROOT_CLASS = YES_ERROR;
				CLANG_WARN_SUSPICIOUS_MOVES = YES;
				CLANG_WARN_UNREACHABLE_CODE = YES;
				CLANG_WARN__DUPLICATE_METHOD_MATCH = YES;
				"CODE_SIGN_IDENTITY[sdk=iphoneos*]" = "iPhone Developer";
				COPY_PHASE_STRIP = NO;
				DEBUG_INFORMATION_FORMAT = dwarf;
				ENABLE_STRICT_OBJC_MSGSEND = YES;
				ENABLE_TESTABILITY = YES;
				GCC_C_LANGUAGE_STANDARD = gnu99;
				GCC_DYNAMIC_NO_PIC = NO;
				GCC_NO_COMMON_BLOCKS = YES;
				GCC_OPTIMIZATION_LEVEL = 0;
				GCC_PREPROCESSOR_DEFINITIONS = (
					"DEBUG=1",
					"$(inherited)",
				);
				GCC_WARN_64_TO_32_BIT_CONVERSION = YES;
				GCC_WARN_ABOUT_RETURN_TYPE = YES_ERROR;
				GCC_WARN_UNDECLARED_SELECTOR = YES;
				GCC_WARN_UNINITIALIZED_AUTOS = YES_AGGRESSIVE;
				GCC_WARN_UNUSED_FUNCTION = YES;
				GCC_WARN_UNUSED_VARIABLE = YES;
				IPHONEOS_DEPLOYMENT_TARGET = 10.1;
				MTL_ENABLE_DEBUG_INFO = YES;
				ONLY_ACTIVE_ARCH = YES;
				SDKROOT = iphoneos;
				TARGETED_DEVICE_FAMILY = "1,2";
			};
			name = Debug;
		};
		704C7CDF1ED58BAB001FE9C4 /* Release */ = {
			isa = XCBuildConfiguration;
			buildSettings = {
				ALWAYS_SEARCH_USER_PATHS = NO;
				CLANG_ANALYZER_NONNULL = YES;
				CLANG_CXX_LANGUAGE_STANDARD = "gnu++0x";
				CLANG_CXX_LIBRARY = "libc++";
				CLANG_ENABLE_MODULES = YES;
				CLANG_ENABLE_OBJC_ARC = YES;
				CLANG_WARN_BOOL_CONVERSION = YES;
				CLANG_WARN_CONSTANT_CONVERSION = YES;
				CLANG_WARN_DIRECT_OBJC_ISA_USAGE = YES_ERROR;
				CLANG_WARN_DOCUMENTATION_COMMENTS = YES;
				CLANG_WARN_EMPTY_BODY = YES;
				CLANG_WARN_ENUM_CONVERSION = YES;
				CLANG_WARN_INFINITE_RECURSION = YES;
				CLANG_WARN_INT_CONVERSION = YES;
				CLANG_WARN_OBJC_ROOT_CLASS = YES_ERROR;
				CLANG_WARN_SUSPICIOUS_MOVES = YES;
				CLANG_WARN_UNREACHABLE_CODE = YES;
				CLANG_WARN__DUPLICATE_METHOD_MATCH = YES;
				"CODE_SIGN_IDENTITY[sdk=iphoneos*]" = "iPhone Developer";
				COPY_PHASE_STRIP = NO;
				DEBUG_INFORMATION_FORMAT = "dwarf-with-dsym";
				ENABLE_NS_ASSERTIONS = NO;
				ENABLE_STRICT_OBJC_MSGSEND = YES;
				GCC_C_LANGUAGE_STANDARD = gnu99;
				GCC_NO_COMMON_BLOCKS = YES;
				GCC_WARN_64_TO_32_BIT_CONVERSION = YES;
				GCC_WARN_ABOUT_RETURN_TYPE = YES_ERROR;
				GCC_WARN_UNDECLARED_SELECTOR = YES;
				GCC_WARN_UNINITIALIZED_AUTOS = YES_AGGRESSIVE;
				GCC_WARN_UNUSED_FUNCTION = YES;
				GCC_WARN_UNUSED_VARIABLE = YES;
				IPHONEOS_DEPLOYMENT_TARGET = 10.1;
				MTL_ENABLE_DEBUG_INFO = NO;
				SDKROOT = iphoneos;
				TARGETED_DEVICE_FAMILY = "1,2";
				VALIDATE_PRODUCT = YES;
			};
			name = Release;
		};
		704C7CE11ED58BAB001FE9C4 /* Debug */ = {
			isa = XCBuildConfiguration;
			buildSettings = {
				ASSETCATALOG_COMPILER_APPICON_NAME = AppIcon;
				INFOPLIST_FILE = week11_2/Info.plist;
				LD_RUNPATH_SEARCH_PATHS = "$(inherited) @executable_path/Frameworks";
				PRODUCT_BUNDLE_IDENTIFIER = "next.week11-2";
				PRODUCT_NAME = "$(TARGET_NAME)";
			};
			name = Debug;
		};
		704C7CE21ED58BAB001FE9C4 /* Release */ = {
			isa = XCBuildConfiguration;
			buildSettings = {
				ASSETCATALOG_COMPILER_APPICON_NAME = AppIcon;
				INFOPLIST_FILE = week11_2/Info.plist;
				LD_RUNPATH_SEARCH_PATHS = "$(inherited) @executable_path/Frameworks";
				PRODUCT_BUNDLE_IDENTIFIER = "next.week11-2";
				PRODUCT_NAME = "$(TARGET_NAME)";
			};
			name = Release;
		};
/* End XCBuildConfiguration section */

/* Begin XCConfigurationList section */
		704C7CC11ED58BAB001FE9C4 /* Build configuration list for PBXProject "week11_2" */ = {
			isa = XCConfigurationList;
			buildConfigurations = (
				704C7CDE1ED58BAB001FE9C4 /* Debug */,
				704C7CDF1ED58BAB001FE9C4 /* Release */,
			);
			defaultConfigurationIsVisible = 0;
			defaultConfigurationName = Release;
		};
		704C7CE01ED58BAB001FE9C4 /* Build configuration list for PBXNativeTarget "week11_2" */ = {
			isa = XCConfigurationList;
			buildConfigurations = (
				704C7CE11ED58BAB001FE9C4 /* Debug */,
				704C7CE21ED58BAB001FE9C4 /* Release */,
			);
			defaultConfigurationIsVisible = 0;
		};
/* End XCConfigurationList section */

/* Begin XCVersionGroup section */
		704C7CD51ED58BAB001FE9C4 /* week11_2.xcdatamodeld */ = {
			isa = XCVersionGroup;
			children = (
				704C7CD61ED58BAB001FE9C4 /* week11_2.xcdatamodel */,
			);
			currentVersion = 704C7CD61ED58BAB001FE9C4 /* week11_2.xcdatamodel */;
			path = week11_2.xcdatamodeld;
			sourceTree = "<group>";
			versionGroupType = wrapper.xcdatamodel;
		};
/* End XCVersionGroup section */
	};
	rootObject = 704C7CBE1ED58BAB001FE9C4 /* Project object */;
}
